// !$*UTF8*$!
{
	archiveVersion = 1;
	classes = {
	};
	objectVersion = 50;
	objects = {

/* Begin PBXBuildFile section */
		566064BB22F47F6000C98D60 /* AppDelegate.swift in Sources */ = {isa = PBXBuildFile; fileRef = 566064BA22F47F6000C98D60 /* AppDelegate.swift */; };
		566064C022F47F6000C98D60 /* Main.storyboard in Resources */ = {isa = PBXBuildFile; fileRef = 566064BE22F47F6000C98D60 /* Main.storyboard */; };
		566064C222F47F6100C98D60 /* Assets.xcassets in Resources */ = {isa = PBXBuildFile; fileRef = 566064C122F47F6100C98D60 /* Assets.xcassets */; };
		566064C522F47F6100C98D60 /* LaunchScreen.storyboard in Resources */ = {isa = PBXBuildFile; fileRef = 566064C322F47F6100C98D60 /* LaunchScreen.storyboard */; };
		566064D322F482EE00C98D60 /* HomeViewController.swift in Sources */ = {isa = PBXBuildFile; fileRef = 566064D222F482EE00C98D60 /* HomeViewController.swift */; };
		566064E522F48F7900C98D60 /* UIViewController.swift in Sources */ = {isa = PBXBuildFile; fileRef = 566064E422F48F7900C98D60 /* UIViewController.swift */; };
		566064E722F48F8300C98D60 /* Array.swift in Sources */ = {isa = PBXBuildFile; fileRef = 566064E622F48F8300C98D60 /* Array.swift */; };
		566064E922F48F8C00C98D60 /* String.swift in Sources */ = {isa = PBXBuildFile; fileRef = 566064E822F48F8C00C98D60 /* String.swift */; };
		566064ED22F491FD00C98D60 /* ToDoList.xcdatamodeld in Sources */ = {isa = PBXBuildFile; fileRef = 566064EB22F491FD00C98D60 /* ToDoList.xcdatamodeld */; };
		566064EF22F4925B00C98D60 /* CoreDataStack.swift in Sources */ = {isa = PBXBuildFile; fileRef = 566064EE22F4925B00C98D60 /* CoreDataStack.swift */; };
		566064F122F492BE00C98D60 /* CoreDataManager.swift in Sources */ = {isa = PBXBuildFile; fileRef = 566064F022F492BE00C98D60 /* CoreDataManager.swift */; };
		566064F322F495F200C98D60 /* MockCoreDataStack.swift in Sources */ = {isa = PBXBuildFile; fileRef = 566064F222F495F200C98D60 /* MockCoreDataStack.swift */; };
		566064F522F4965600C98D60 /* CoreDataManager.swift in Sources */ = {isa = PBXBuildFile; fileRef = 566064F422F4965600C98D60 /* CoreDataManager.swift */; };
/* End PBXBuildFile section */

/* Begin PBXContainerItemProxy section */
		566064DD22F4876700C98D60 /* PBXContainerItemProxy */ = {
			isa = PBXContainerItemProxy;
			containerPortal = 566064AF22F47F6000C98D60 /* Project object */;
			proxyType = 1;
			remoteGlobalIDString = 566064B622F47F6000C98D60;
			remoteInfo = ToDoListWithCoreData;
		};
/* End PBXContainerItemProxy section */

/* Begin PBXFileReference section */
		566064B722F47F6000C98D60 /* ToDoListWithCoreData.app */ = {isa = PBXFileReference; explicitFileType = wrapper.application; includeInIndex = 0; path = ToDoListWithCoreData.app; sourceTree = BUILT_PRODUCTS_DIR; };
		566064BA22F47F6000C98D60 /* AppDelegate.swift */ = {isa = PBXFileReference; lastKnownFileType = sourcecode.swift; path = AppDelegate.swift; sourceTree = "<group>"; };
		566064BF22F47F6000C98D60 /* Base */ = {isa = PBXFileReference; lastKnownFileType = file.storyboard; name = Base; path = Base.lproj/Main.storyboard; sourceTree = "<group>"; };
		566064C122F47F6100C98D60 /* Assets.xcassets */ = {isa = PBXFileReference; lastKnownFileType = folder.assetcatalog; path = Assets.xcassets; sourceTree = "<group>"; };
		566064C422F47F6100C98D60 /* Base */ = {isa = PBXFileReference; lastKnownFileType = file.storyboard; name = Base; path = Base.lproj/LaunchScreen.storyboard; sourceTree = "<group>"; };
		566064C622F47F6100C98D60 /* Info.plist */ = {isa = PBXFileReference; lastKnownFileType = text.plist.xml; path = Info.plist; sourceTree = "<group>"; };
		566064D222F482EE00C98D60 /* HomeViewController.swift */ = {isa = PBXFileReference; lastKnownFileType = sourcecode.swift; path = HomeViewController.swift; sourceTree = "<group>"; };
		566064D822F4876700C98D60 /* ToDoListWithCoreDataTests.xctest */ = {isa = PBXFileReference; explicitFileType = wrapper.cfbundle; includeInIndex = 0; path = ToDoListWithCoreDataTests.xctest; sourceTree = BUILT_PRODUCTS_DIR; };
		566064DC22F4876700C98D60 /* Info.plist */ = {isa = PBXFileReference; lastKnownFileType = text.plist.xml; path = Info.plist; sourceTree = "<group>"; };
		566064E422F48F7900C98D60 /* UIViewController.swift */ = {isa = PBXFileReference; lastKnownFileType = sourcecode.swift; path = UIViewController.swift; sourceTree = "<group>"; };
		566064E622F48F8300C98D60 /* Array.swift */ = {isa = PBXFileReference; lastKnownFileType = sourcecode.swift; path = Array.swift; sourceTree = "<group>"; };
		566064E822F48F8C00C98D60 /* String.swift */ = {isa = PBXFileReference; lastKnownFileType = sourcecode.swift; path = String.swift; sourceTree = "<group>"; };
		566064EC22F491FD00C98D60 /* ToDoList.xcdatamodel */ = {isa = PBXFileReference; lastKnownFileType = wrapper.xcdatamodel; path = ToDoList.xcdatamodel; sourceTree = "<group>"; };
		566064EE22F4925B00C98D60 /* CoreDataStack.swift */ = {isa = PBXFileReference; lastKnownFileType = sourcecode.swift; path = CoreDataStack.swift; sourceTree = "<group>"; };
		566064F022F492BE00C98D60 /* CoreDataManager.swift */ = {isa = PBXFileReference; lastKnownFileType = sourcecode.swift; path = CoreDataManager.swift; sourceTree = "<group>"; };
		566064F222F495F200C98D60 /* MockCoreDataStack.swift */ = {isa = PBXFileReference; lastKnownFileType = sourcecode.swift; path = MockCoreDataStack.swift; sourceTree = "<group>"; };
		566064F422F4965600C98D60 /* CoreDataManager.swift */ = {isa = PBXFileReference; lastKnownFileType = sourcecode.swift; path = CoreDataManager.swift; sourceTree = "<group>"; };
/* End PBXFileReference section */

/* Begin PBXFrameworksBuildPhase section */
		566064B422F47F6000C98D60 /* Frameworks */ = {
			isa = PBXFrameworksBuildPhase;
			buildActionMask = 2147483647;
			files = (
			);
			runOnlyForDeploymentPostprocessing = 0;
		};
		566064D522F4876700C98D60 /* Frameworks */ = {
			isa = PBXFrameworksBuildPhase;
			buildActionMask = 2147483647;
			files = (
			);
			runOnlyForDeploymentPostprocessing = 0;
		};
/* End PBXFrameworksBuildPhase section */

/* Begin PBXGroup section */
		566064AE22F47F5F00C98D60 = {
			isa = PBXGroup;
			children = (
				566064B922F47F6000C98D60 /* ToDoListWithCoreData */,
				566064D922F4876700C98D60 /* ToDoListWithCoreDataTests */,
				566064B822F47F6000C98D60 /* Products */,
			);
			sourceTree = "<group>";
		};
		566064B822F47F6000C98D60 /* Products */ = {
			isa = PBXGroup;
			children = (
				566064B722F47F6000C98D60 /* ToDoListWithCoreData.app */,
				566064D822F4876700C98D60 /* ToDoListWithCoreDataTests.xctest */,
			);
			name = Products;
			sourceTree = "<group>";
		};
		566064B922F47F6000C98D60 /* ToDoListWithCoreData */ = {
			isa = PBXGroup;
			children = (
				566064BA22F47F6000C98D60 /* AppDelegate.swift */,
				566064BE22F47F6000C98D60 /* Main.storyboard */,
				566064CC22F4824600C98D60 /* Sources */,
				566064CD22F4824F00C98D60 /* Resources */,
				566064E222F48F3700C98D60 /* Helpers */,
				566064CE22F4826B00C98D60 /* Modules */,
				566064D022F4827F00C98D60 /* Supporting Files */,
			);
			path = ToDoListWithCoreData;
			sourceTree = "<group>";
		};
		566064CC22F4824600C98D60 /* Sources */ = {
			isa = PBXGroup;
			children = (
				566064D122F482DA00C98D60 /* Home */,
			);
			path = Sources;
			sourceTree = "<group>";
		};
		566064CD22F4824F00C98D60 /* Resources */ = {
			isa = PBXGroup;
			children = (
				566064C122F47F6100C98D60 /* Assets.xcassets */,
			);
			path = Resources;
			sourceTree = "<group>";
		};
		566064CE22F4826B00C98D60 /* Modules */ = {
			isa = PBXGroup;
			children = (
				566064EA22F491CB00C98D60 /* CoreData */,
				566064CF22F4827400C98D60 /* Launch */,
			);
			path = Modules;
			sourceTree = "<group>";
		};
		566064CF22F4827400C98D60 /* Launch */ = {
			isa = PBXGroup;
			children = (
				566064C322F47F6100C98D60 /* LaunchScreen.storyboard */,
			);
			path = Launch;
			sourceTree = "<group>";
		};
		566064D022F4827F00C98D60 /* Supporting Files */ = {
			isa = PBXGroup;
			children = (
				566064C622F47F6100C98D60 /* Info.plist */,
			);
			path = "Supporting Files";
			sourceTree = "<group>";
		};
		566064D122F482DA00C98D60 /* Home */ = {
			isa = PBXGroup;
			children = (
				566064D222F482EE00C98D60 /* HomeViewController.swift */,
			);
			path = Home;
			sourceTree = "<group>";
		};
		566064D922F4876700C98D60 /* ToDoListWithCoreDataTests */ = {
			isa = PBXGroup;
			children = (
				566064F222F495F200C98D60 /* MockCoreDataStack.swift */,
				566064F422F4965600C98D60 /* CoreDataManager.swift */,
				566064DC22F4876700C98D60 /* Info.plist */,
			);
			path = ToDoListWithCoreDataTests;
			sourceTree = "<group>";
		};
		566064E222F48F3700C98D60 /* Helpers */ = {
			isa = PBXGroup;
			children = (
				566064E322F48F6200C98D60 /* Extensions */,
			);
			path = Helpers;
			sourceTree = "<group>";
		};
		566064E322F48F6200C98D60 /* Extensions */ = {
			isa = PBXGroup;
			children = (
				566064E422F48F7900C98D60 /* UIViewController.swift */,
				566064E622F48F8300C98D60 /* Array.swift */,
				566064E822F48F8C00C98D60 /* String.swift */,
			);
			path = Extensions;
			sourceTree = "<group>";
		};
		566064EA22F491CB00C98D60 /* CoreData */ = {
			isa = PBXGroup;
			children = (
				566064EB22F491FD00C98D60 /* ToDoList.xcdatamodeld */,
				566064EE22F4925B00C98D60 /* CoreDataStack.swift */,
				566064F022F492BE00C98D60 /* CoreDataManager.swift */,
			);
			path = CoreData;
			sourceTree = "<group>";
		};
/* End PBXGroup section */

/* Begin PBXNativeTarget section */
		566064B622F47F6000C98D60 /* ToDoListWithCoreData */ = {
			isa = PBXNativeTarget;
			buildConfigurationList = 566064C922F47F6100C98D60 /* Build configuration list for PBXNativeTarget "ToDoListWithCoreData" */;
			buildPhases = (
				566064B322F47F6000C98D60 /* Sources */,
				566064B422F47F6000C98D60 /* Frameworks */,
				566064B522F47F6000C98D60 /* Resources */,
			);
			buildRules = (
			);
			dependencies = (
			);
			name = ToDoListWithCoreData;
			productName = ToDoListWithCoreData;
			productReference = 566064B722F47F6000C98D60 /* ToDoListWithCoreData.app */;
			productType = "com.apple.product-type.application";
		};
		566064D722F4876700C98D60 /* ToDoListWithCoreDataTests */ = {
			isa = PBXNativeTarget;
			buildConfigurationList = 566064DF22F4876700C98D60 /* Build configuration list for PBXNativeTarget "ToDoListWithCoreDataTests" */;
			buildPhases = (
				566064D422F4876700C98D60 /* Sources */,
				566064D522F4876700C98D60 /* Frameworks */,
				566064D622F4876700C98D60 /* Resources */,
			);
			buildRules = (
			);
			dependencies = (
				566064DE22F4876700C98D60 /* PBXTargetDependency */,
			);
			name = ToDoListWithCoreDataTests;
			productName = ToDoListWithCoreDataTests;
			productReference = 566064D822F4876700C98D60 /* ToDoListWithCoreDataTests.xctest */;
			productType = "com.apple.product-type.bundle.unit-test";
		};
/* End PBXNativeTarget section */

/* Begin PBXProject section */
		566064AF22F47F6000C98D60 /* Project object */ = {
			isa = PBXProject;
			attributes = {
				LastSwiftUpdateCheck = 1030;
				LastUpgradeCheck = 1030;
				ORGANIZATIONNAME = "Sebastien Bastide";
				TargetAttributes = {
					566064B622F47F6000C98D60 = {
						CreatedOnToolsVersion = 10.3;
					};
					566064D722F4876700C98D60 = {
						CreatedOnToolsVersion = 10.3;
						TestTargetID = 566064B622F47F6000C98D60;
					};
				};
			};
			buildConfigurationList = 566064B222F47F6000C98D60 /* Build configuration list for PBXProject "ToDoListWithCoreData" */;
			compatibilityVersion = "Xcode 9.3";
			developmentRegion = en;
			hasScannedForEncodings = 0;
			knownRegions = (
				en,
				Base,
			);
			mainGroup = 566064AE22F47F5F00C98D60;
			productRefGroup = 566064B822F47F6000C98D60 /* Products */;
			projectDirPath = "";
			projectRoot = "";
			targets = (
				566064B622F47F6000C98D60 /* ToDoListWithCoreData */,
				566064D722F4876700C98D60 /* ToDoListWithCoreDataTests */,
			);
		};
/* End PBXProject section */

/* Begin PBXResourcesBuildPhase section */
		566064B522F47F6000C98D60 /* Resources */ = {
			isa = PBXResourcesBuildPhase;
			buildActionMask = 2147483647;
			files = (
				566064C522F47F6100C98D60 /* LaunchScreen.storyboard in Resources */,
				566064C222F47F6100C98D60 /* Assets.xcassets in Resources */,
				566064C022F47F6000C98D60 /* Main.storyboard in Resources */,
			);
			runOnlyForDeploymentPostprocessing = 0;
		};
		566064D622F4876700C98D60 /* Resources */ = {
			isa = PBXResourcesBuildPhase;
			buildActionMask = 2147483647;
			files = (
			);
			runOnlyForDeploymentPostprocessing = 0;
		};
/* End PBXResourcesBuildPhase section */

/* Begin PBXSourcesBuildPhase section */
		566064B322F47F6000C98D60 /* Sources */ = {
			isa = PBXSourcesBuildPhase;
			buildActionMask = 2147483647;
			files = (
				566064EF22F4925B00C98D60 /* CoreDataStack.swift in Sources */,
				566064BB22F47F6000C98D60 /* AppDelegate.swift in Sources */,
				566064ED22F491FD00C98D60 /* ToDoList.xcdatamodeld in Sources */,
				566064E722F48F8300C98D60 /* Array.swift in Sources */,
				566064E922F48F8C00C98D60 /* String.swift in Sources */,
				566064D322F482EE00C98D60 /* HomeViewController.swift in Sources */,
				566064F122F492BE00C98D60 /* CoreDataManager.swift in Sources */,
				566064E522F48F7900C98D60 /* UIViewController.swift in Sources */,
			);
			runOnlyForDeploymentPostprocessing = 0;
		};
		566064D422F4876700C98D60 /* Sources */ = {
			isa = PBXSourcesBuildPhase;
			buildActionMask = 2147483647;
			files = (
				566064F522F4965600C98D60 /* CoreDataManager.swift in Sources */,
				566064F322F495F200C98D60 /* MockCoreDataStack.swift in Sources */,
			);
			runOnlyForDeploymentPostprocessing = 0;
		};
/* End PBXSourcesBuildPhase section */

/* Begin PBXTargetDependency section */
		566064DE22F4876700C98D60 /* PBXTargetDependency */ = {
			isa = PBXTargetDependency;
			target = 566064B622F47F6000C98D60 /* ToDoListWithCoreData */;
			targetProxy = 566064DD22F4876700C98D60 /* PBXContainerItemProxy */;
		};
/* End PBXTargetDependency section */

/* Begin PBXVariantGroup section */
		566064BE22F47F6000C98D60 /* Main.storyboard */ = {
			isa = PBXVariantGroup;
			children = (
				566064BF22F47F6000C98D60 /* Base */,
			);
			name = Main.storyboard;
			sourceTree = "<group>";
		};
		566064C322F47F6100C98D60 /* LaunchScreen.storyboard */ = {
			isa = PBXVariantGroup;
			children = (
				566064C422F47F6100C98D60 /* Base */,
			);
			name = LaunchScreen.storyboard;
			sourceTree = "<group>";
		};
/* End PBXVariantGroup section */

/* Begin XCBuildConfiguration section */
		566064C722F47F6100C98D60 /* Debug */ = {
			isa = XCBuildConfiguration;
			buildSettings = {
				ALWAYS_SEARCH_USER_PATHS = NO;
				CLANG_ANALYZER_NONNULL = YES;
				CLANG_ANALYZER_NUMBER_OBJECT_CONVERSION = YES_AGGRESSIVE;
				CLANG_CXX_LANGUAGE_STANDARD = "gnu++14";
				CLANG_CXX_LIBRARY = "libc++";
				CLANG_ENABLE_MODULES = YES;
				CLANG_ENABLE_OBJC_ARC = YES;
				CLANG_ENABLE_OBJC_WEAK = YES;
				CLANG_WARN_BLOCK_CAPTURE_AUTORELEASING = YES;
				CLANG_WARN_BOOL_CONVERSION = YES;
				CLANG_WARN_COMMA = YES;
				CLANG_WARN_CONSTANT_CONVERSION = YES;
				CLANG_WARN_DEPRECATED_OBJC_IMPLEMENTATIONS = YES;
				CLANG_WARN_DIRECT_OBJC_ISA_USAGE = YES_ERROR;
				CLANG_WARN_DOCUMENTATION_COMMENTS = YES;
				CLANG_WARN_EMPTY_BODY = YES;
				CLANG_WARN_ENUM_CONVERSION = YES;
				CLANG_WARN_INFINITE_RECURSION = YES;
				CLANG_WARN_INT_CONVERSION = YES;
				CLANG_WARN_NON_LITERAL_NULL_CONVERSION = YES;
				CLANG_WARN_OBJC_IMPLICIT_RETAIN_SELF = YES;
				CLANG_WARN_OBJC_LITERAL_CONVERSION = YES;
				CLANG_WARN_OBJC_ROOT_CLASS = YES_ERROR;
				CLANG_WARN_RANGE_LOOP_ANALYSIS = YES;
				CLANG_WARN_STRICT_PROTOTYPES = YES;
				CLANG_WARN_SUSPICIOUS_MOVE = YES;
				CLANG_WARN_UNGUARDED_AVAILABILITY = YES_AGGRESSIVE;
				CLANG_WARN_UNREACHABLE_CODE = YES;
				CLANG_WARN__DUPLICATE_METHOD_MATCH = YES;
				CODE_SIGN_IDENTITY = "iPhone Developer";
				COPY_PHASE_STRIP = NO;
				DEBUG_INFORMATION_FORMAT = dwarf;
				ENABLE_STRICT_OBJC_MSGSEND = YES;
				ENABLE_TESTABILITY = YES;
				GCC_C_LANGUAGE_STANDARD = gnu11;
				GCC_DYNAMIC_NO_PIC = NO;
				GCC_NO_COMMON_BLOCKS = YES;
				GCC_OPTIMIZATION_LEVEL = 0;
				GCC_PREPROCESSOR_DEFINITIONS = (
					"DEBUG=1",
					"$(inherited)",
				);
				GCC_WARN_64_TO_32_BIT_CONVERSION = YES;
				GCC_WARN_ABOUT_RETURN_TYPE = YES_ERROR;
				GCC_WARN_UNDECLARED_SELECTOR = YES;
				GCC_WARN_UNINITIALIZED_AUTOS = YES_AGGRESSIVE;
				GCC_WARN_UNUSED_FUNCTION = YES;
				GCC_WARN_UNUSED_VARIABLE = YES;
				IPHONEOS_DEPLOYMENT_TARGET = 12.0;
				MTL_ENABLE_DEBUG_INFO = INCLUDE_SOURCE;
				MTL_FAST_MATH = YES;
				ONLY_ACTIVE_ARCH = YES;
				SDKROOT = iphoneos;
				SWIFT_ACTIVE_COMPILATION_CONDITIONS = DEBUG;
				SWIFT_OPTIMIZATION_LEVEL = "-Onone";
			};
			name = Debug;
		};
		566064C822F47F6100C98D60 /* Release */ = {
			isa = XCBuildConfiguration;
			buildSettings = {
				ALWAYS_SEARCH_USER_PATHS = NO;
				CLANG_ANALYZER_NONNULL = YES;
				CLANG_ANALYZER_NUMBER_OBJECT_CONVERSION = YES_AGGRESSIVE;
				CLANG_CXX_LANGUAGE_STANDARD = "gnu++14";
				CLANG_CXX_LIBRARY = "libc++";
				CLANG_ENABLE_MODULES = YES;
				CLANG_ENABLE_OBJC_ARC = YES;
				CLANG_ENABLE_OBJC_WEAK = YES;
				CLANG_WARN_BLOCK_CAPTURE_AUTORELEASING = YES;
				CLANG_WARN_BOOL_CONVERSION = YES;
				CLANG_WARN_COMMA = YES;
				CLANG_WARN_CONSTANT_CONVERSION = YES;
				CLANG_WARN_DEPRECATED_OBJC_IMPLEMENTATIONS = YES;
				CLANG_WARN_DIRECT_OBJC_ISA_USAGE = YES_ERROR;
				CLANG_WARN_DOCUMENTATION_COMMENTS = YES;
				CLANG_WARN_EMPTY_BODY = YES;
				CLANG_WARN_ENUM_CONVERSION = YES;
				CLANG_WARN_INFINITE_RECURSION = YES;
				CLANG_WARN_INT_CONVERSION = YES;
				CLANG_WARN_NON_LITERAL_NULL_CONVERSION = YES;
				CLANG_WARN_OBJC_IMPLICIT_RETAIN_SELF = YES;
				CLANG_WARN_OBJC_LITERAL_CONVERSION = YES;
				CLANG_WARN_OBJC_ROOT_CLASS = YES_ERROR;
				CLANG_WARN_RANGE_LOOP_ANALYSIS = YES;
				CLANG_WARN_STRICT_PROTOTYPES = YES;
				CLANG_WARN_SUSPICIOUS_MOVE = YES;
				CLANG_WARN_UNGUARDED_AVAILABILITY = YES_AGGRESSIVE;
				CLANG_WARN_UNREACHABLE_CODE = YES;
				CLANG_WARN__DUPLICATE_METHOD_MATCH = YES;
				CODE_SIGN_IDENTITY = "iPhone Developer";
				COPY_PHASE_STRIP = NO;
				DEBUG_INFORMATION_FORMAT = "dwarf-with-dsym";
				ENABLE_NS_ASSERTIONS = NO;
				ENABLE_STRICT_OBJC_MSGSEND = YES;
				GCC_C_LANGUAGE_STANDARD = gnu11;
				GCC_NO_COMMON_BLOCKS = YES;
				GCC_WARN_64_TO_32_BIT_CONVERSION = YES;
				GCC_WARN_ABOUT_RETURN_TYPE = YES_ERROR;
				GCC_WARN_UNDECLARED_SELECTOR = YES;
				GCC_WARN_UNINITIALIZED_AUTOS = YES_AGGRESSIVE;
				GCC_WARN_UNUSED_FUNCTION = YES;
				GCC_WARN_UNUSED_VARIABLE = YES;
				IPHONEOS_DEPLOYMENT_TARGET = 12.0;
				MTL_ENABLE_DEBUG_INFO = NO;
				MTL_FAST_MATH = YES;
				SDKROOT = iphoneos;
				SWIFT_COMPILATION_MODE = wholemodule;
				SWIFT_OPTIMIZATION_LEVEL = "-O";
				VALIDATE_PRODUCT = YES;
			};
			name = Release;
		};
		566064CA22F47F6100C98D60 /* Debug */ = {
			isa = XCBuildConfiguration;
			buildSettings = {
				ASSETCATALOG_COMPILER_APPICON_NAME = AppIcon;
				CODE_SIGN_STYLE = Automatic;
				DEVELOPMENT_TEAM = 8PJ45T947H;
				INFOPLIST_FILE = "$(SRCROOT)/ToDoListWithCoreData/Supporting Files/Info.plist";
				LD_RUNPATH_SEARCH_PATHS = (
					"$(inherited)",
					"@executable_path/Frameworks",
				);
				PRODUCT_BUNDLE_IDENTIFIER = com.sb.ToDoListWithCoreData;
				PRODUCT_NAME = "$(TARGET_NAME)";
				SWIFT_VERSION = 5.0;
				TARGETED_DEVICE_FAMILY = 1;
			};
			name = Debug;
		};
		566064CB22F47F6100C98D60 /* Release */ = {
			isa = XCBuildConfiguration;
			buildSettings = {
				ASSETCATALOG_COMPILER_APPICON_NAME = AppIcon;
				CODE_SIGN_STYLE = Automatic;
				DEVELOPMENT_TEAM = 8PJ45T947H;
				INFOPLIST_FILE = "$(SRCROOT)/ToDoListWithCoreData/Supporting Files/Info.plist";
				LD_RUNPATH_SEARCH_PATHS = (
					"$(inherited)",
					"@executable_path/Frameworks",
				);
				PRODUCT_BUNDLE_IDENTIFIER = com.sb.ToDoListWithCoreData;
				PRODUCT_NAME = "$(TARGET_NAME)";
				SWIFT_VERSION = 5.0;
				TARGETED_DEVICE_FAMILY = 1;
			};
			name = Release;
		};
		566064E022F4876700C98D60 /* Debug */ = {
			isa = XCBuildConfiguration;
			buildSettings = {
				BUNDLE_LOADER = "$(TEST_HOST)";
				CODE_SIGN_STYLE = Automatic;
				DEVELOPMENT_TEAM = 8PJ45T947H;
				INFOPLIST_FILE = ToDoListWithCoreDataTests/Info.plist;
				IPHONEOS_DEPLOYMENT_TARGET = 12.0;
				LD_RUNPATH_SEARCH_PATHS = (
					"$(inherited)",
					"@executable_path/Frameworks",
					"@loader_path/Frameworks",
				);
				PRODUCT_BUNDLE_IDENTIFIER = com.sb.ToDoListWithCoreDataTests;
				PRODUCT_NAME = "$(TARGET_NAME)";
				SWIFT_VERSION = 5.0;
				TARGETED_DEVICE_FAMILY = "1,2";
				TEST_HOST = "$(BUILT_PRODUCTS_DIR)/ToDoListWithCoreData.app/ToDoListWithCoreData";
			};
			name = Debug;
		};
		566064E122F4876700C98D60 /* Release */ = {
			isa = XCBuildConfiguration;
			buildSettings = {
				BUNDLE_LOADER = "$(TEST_HOST)";
				CODE_SIGN_STYLE = Automatic;
				DEVELOPMENT_TEAM = 8PJ45T947H;
				INFOPLIST_FILE = ToDoListWithCoreDataTests/Info.plist;
				IPHONEOS_DEPLOYMENT_TARGET = 12.0;
				LD_RUNPATH_SEARCH_PATHS = (
					"$(inherited)",
					"@executable_path/Frameworks",
					"@loader_path/Frameworks",
				);
				PRODUCT_BUNDLE_IDENTIFIER = com.sb.ToDoListWithCoreDataTests;
				PRODUCT_NAME = "$(TARGET_NAME)";
				SWIFT_VERSION = 5.0;
				TARGETED_DEVICE_FAMILY = "1,2";
				TEST_HOST = "$(BUILT_PRODUCTS_DIR)/ToDoListWithCoreData.app/ToDoListWithCoreData";
			};
			name = Release;
		};
/* End XCBuildConfiguration section */

/* Begin XCConfigurationList section */
		566064B222F47F6000C98D60 /* Build configuration list for PBXProject "ToDoListWithCoreData" */ = {
			isa = XCConfigurationList;
			buildConfigurations = (
				566064C722F47F6100C98D60 /* Debug */,
				566064C822F47F6100C98D60 /* Release */,
			);
			defaultConfigurationIsVisible = 0;
			defaultConfigurationName = Release;
		};
		566064C922F47F6100C98D60 /* Build configuration list for PBXNativeTarget "ToDoListWithCoreData" */ = {
			isa = XCConfigurationList;
			buildConfigurations = (
				566064CA22F47F6100C98D60 /* Debug */,
				566064CB22F47F6100C98D60 /* Release */,
			);
			defaultConfigurationIsVisible = 0;
			defaultConfigurationName = Release;
		};
		566064DF22F4876700C98D60 /* Build configuration list for PBXNativeTarget "ToDoListWithCoreDataTests" */ = {
			isa = XCConfigurationList;
			buildConfigurations = (
				566064E022F4876700C98D60 /* Debug */,
				566064E122F4876700C98D60 /* Release */,
			);
			defaultConfigurationIsVisible = 0;
			defaultConfigurationName = Release;
		};
/* End XCConfigurationList section */

/* Begin XCVersionGroup section */
		566064EB22F491FD00C98D60 /* ToDoList.xcdatamodeld */ = {
			isa = XCVersionGroup;
			children = (
				566064EC22F491FD00C98D60 /* ToDoList.xcdatamodel */,
			);
			currentVersion = 566064EC22F491FD00C98D60 /* ToDoList.xcdatamodel */;
			path = ToDoList.xcdatamodeld;
			sourceTree = "<group>";
			versionGroupType = wrapper.xcdatamodel;
		};
/* End XCVersionGroup section */
	};
	rootObject = 566064AF22F47F6000C98D60 /* Project object */;
}
